// !$*UTF8*$!
{
	archiveVersion = 1;
	classes = {
	};
	objectVersion = 46;
	objects = {

/* Begin PBXBuildFile section */
		5625E3C71B32B4F000A56BC7 /* AppDelegate.swift in Sources */ = {isa = PBXBuildFile; fileRef = 5625E3C61B32B4F000A56BC7 /* AppDelegate.swift */; };
		5625E3C91B32B4F000A56BC7 /* MemesEditorViewController.swift in Sources */ = {isa = PBXBuildFile; fileRef = 5625E3C81B32B4F000A56BC7 /* MemesEditorViewController.swift */; };
		5625E3CC1B32B4F000A56BC7 /* Main.storyboard in Resources */ = {isa = PBXBuildFile; fileRef = 5625E3CA1B32B4F000A56BC7 /* Main.storyboard */; };
		5625E3CE1B32B4F000A56BC7 /* Images.xcassets in Resources */ = {isa = PBXBuildFile; fileRef = 5625E3CD1B32B4F000A56BC7 /* Images.xcassets */; };
		5625E3D11B32B4F000A56BC7 /* LaunchScreen.xib in Resources */ = {isa = PBXBuildFile; fileRef = 5625E3CF1B32B4F000A56BC7 /* LaunchScreen.xib */; };
		5625E3DD1B32B4F000A56BC7 /* MemeAppTests.swift in Sources */ = {isa = PBXBuildFile; fileRef = 5625E3DC1B32B4F000A56BC7 /* MemeAppTests.swift */; };
		564B8E361B467AC9002BB025 /* SentMemesTableViewController.swift in Sources */ = {isa = PBXBuildFile; fileRef = 564B8E351B467AC9002BB025 /* SentMemesTableViewController.swift */; };
		566657591B350B430044D5DD /* Meme.swift in Sources */ = {isa = PBXBuildFile; fileRef = 566657581B350B430044D5DD /* Meme.swift */; };
		56792C3D1B3990C400B19C3A /* CustomMemeCell.swift in Sources */ = {isa = PBXBuildFile; fileRef = 56792C3C1B3990C400B19C3A /* CustomMemeCell.swift */; };
		5693FEF11B3A416400F3134C /* MemesDetailViewController.swift in Sources */ = {isa = PBXBuildFile; fileRef = 5693FEF01B3A416400F3134C /* MemesDetailViewController.swift */; };
		56EDAF631B37ED6600A7FFD2 /* SentMemesCollectionViewController.swift in Sources */ = {isa = PBXBuildFile; fileRef = 56EDAF621B37ED6600A7FFD2 /* SentMemesCollectionViewController.swift */; };
/* End PBXBuildFile section */

/* Begin PBXContainerItemProxy section */
		5625E3D71B32B4F000A56BC7 /* PBXContainerItemProxy */ = {
			isa = PBXContainerItemProxy;
			containerPortal = 5625E3B91B32B4F000A56BC7 /* Project object */;
			proxyType = 1;
			remoteGlobalIDString = 5625E3C01B32B4F000A56BC7;
			remoteInfo = MemeApp;
		};
/* End PBXContainerItemProxy section */

/* Begin PBXFileReference section */
		5625E3C11B32B4F000A56BC7 /* MemeApp.app */ = {isa = PBXFileReference; explicitFileType = wrapper.application; includeInIndex = 0; path = MemeApp.app; sourceTree = BUILT_PRODUCTS_DIR; };
		5625E3C51B32B4F000A56BC7 /* Info.plist */ = {isa = PBXFileReference; lastKnownFileType = text.plist.xml; path = Info.plist; sourceTree = "<group>"; };
		5625E3C61B32B4F000A56BC7 /* AppDelegate.swift */ = {isa = PBXFileReference; lastKnownFileType = sourcecode.swift; path = AppDelegate.swift; sourceTree = "<group>"; };
		5625E3C81B32B4F000A56BC7 /* MemesEditorViewController.swift */ = {isa = PBXFileReference; lastKnownFileType = sourcecode.swift; path = MemesEditorViewController.swift; sourceTree = "<group>"; };
		5625E3CB1B32B4F000A56BC7 /* Base */ = {isa = PBXFileReference; lastKnownFileType = file.storyboard; name = Base; path = Base.lproj/Main.storyboard; sourceTree = "<group>"; };
		5625E3CD1B32B4F000A56BC7 /* Images.xcassets */ = {isa = PBXFileReference; lastKnownFileType = folder.assetcatalog; path = Images.xcassets; sourceTree = "<group>"; };
		5625E3D01B32B4F000A56BC7 /* Base */ = {isa = PBXFileReference; lastKnownFileType = file.xib; name = Base; path = Base.lproj/LaunchScreen.xib; sourceTree = "<group>"; };
		5625E3D61B32B4F000A56BC7 /* MemeAppTests.xctest */ = {isa = PBXFileReference; explicitFileType = wrapper.cfbundle; includeInIndex = 0; path = MemeAppTests.xctest; sourceTree = BUILT_PRODUCTS_DIR; };
		5625E3DB1B32B4F000A56BC7 /* Info.plist */ = {isa = PBXFileReference; lastKnownFileType = text.plist.xml; path = Info.plist; sourceTree = "<group>"; };
		5625E3DC1B32B4F000A56BC7 /* MemeAppTests.swift */ = {isa = PBXFileReference; lastKnownFileType = sourcecode.swift; path = MemeAppTests.swift; sourceTree = "<group>"; };
		564B8E351B467AC9002BB025 /* SentMemesTableViewController.swift */ = {isa = PBXFileReference; fileEncoding = 4; lastKnownFileType = sourcecode.swift; path = SentMemesTableViewController.swift; sourceTree = "<group>"; };
		566657581B350B430044D5DD /* Meme.swift */ = {isa = PBXFileReference; fileEncoding = 4; lastKnownFileType = sourcecode.swift; path = Meme.swift; sourceTree = "<group>"; };
		56792C3C1B3990C400B19C3A /* CustomMemeCell.swift */ = {isa = PBXFileReference; fileEncoding = 4; lastKnownFileType = sourcecode.swift; path = CustomMemeCell.swift; sourceTree = "<group>"; };
		5693FEF01B3A416400F3134C /* MemesDetailViewController.swift */ = {isa = PBXFileReference; fileEncoding = 4; lastKnownFileType = sourcecode.swift; path = MemesDetailViewController.swift; sourceTree = "<group>"; };
		56EDAF621B37ED6600A7FFD2 /* SentMemesCollectionViewController.swift */ = {isa = PBXFileReference; fileEncoding = 4; lastKnownFileType = sourcecode.swift; path = SentMemesCollectionViewController.swift; sourceTree = "<group>"; };
/* End PBXFileReference section */

/* Begin PBXFrameworksBuildPhase section */
		5625E3BE1B32B4F000A56BC7 /* Frameworks */ = {
			isa = PBXFrameworksBuildPhase;
			buildActionMask = 2147483647;
			files = (
			);
			runOnlyForDeploymentPostprocessing = 0;
		};
		5625E3D31B32B4F000A56BC7 /* Frameworks */ = {
			isa = PBXFrameworksBuildPhase;
			buildActionMask = 2147483647;
			files = (
			);
			runOnlyForDeploymentPostprocessing = 0;
		};
/* End PBXFrameworksBuildPhase section */

/* Begin PBXGroup section */
		5625E3B81B32B4F000A56BC7 = {
			isa = PBXGroup;
			children = (
				5625E3C31B32B4F000A56BC7 /* MemeApp */,
				5625E3D91B32B4F000A56BC7 /* MemeAppTests */,
				5625E3C21B32B4F000A56BC7 /* Products */,
			);
			sourceTree = "<group>";
		};
		5625E3C21B32B4F000A56BC7 /* Products */ = {
			isa = PBXGroup;
			children = (
				5625E3C11B32B4F000A56BC7 /* MemeApp.app */,
				5625E3D61B32B4F000A56BC7 /* MemeAppTests.xctest */,
			);
			name = Products;
			sourceTree = "<group>";
		};
		5625E3C31B32B4F000A56BC7 /* MemeApp */ = {
			isa = PBXGroup;
			children = (
				5625E3C61B32B4F000A56BC7 /* AppDelegate.swift */,
				566657581B350B430044D5DD /* Meme.swift */,
				5693FEF01B3A416400F3134C /* MemesDetailViewController.swift */,
				56EDAF621B37ED6600A7FFD2 /* SentMemesCollectionViewController.swift */,
				564B8E351B467AC9002BB025 /* SentMemesTableViewController.swift */,
				56792C3C1B3990C400B19C3A /* CustomMemeCell.swift */,
				5625E3C81B32B4F000A56BC7 /* MemesEditorViewController.swift */,
				5625E3CA1B32B4F000A56BC7 /* Main.storyboard */,
				5625E3CD1B32B4F000A56BC7 /* Images.xcassets */,
				5625E3CF1B32B4F000A56BC7 /* LaunchScreen.xib */,
				5625E3C41B32B4F000A56BC7 /* Supporting Files */,
			);
			path = MemeApp;
			sourceTree = "<group>";
		};
		5625E3C41B32B4F000A56BC7 /* Supporting Files */ = {
			isa = PBXGroup;
			children = (
				5625E3C51B32B4F000A56BC7 /* Info.plist */,
			);
			name = "Supporting Files";
			sourceTree = "<group>";
		};
		5625E3D91B32B4F000A56BC7 /* MemeAppTests */ = {
			isa = PBXGroup;
			children = (
				5625E3DC1B32B4F000A56BC7 /* MemeAppTests.swift */,
				5625E3DA1B32B4F000A56BC7 /* Supporting Files */,
			);
			path = MemeAppTests;
			sourceTree = "<group>";
		};
		5625E3DA1B32B4F000A56BC7 /* Supporting Files */ = {
			isa = PBXGroup;
			children = (
				5625E3DB1B32B4F000A56BC7 /* Info.plist */,
			);
			name = "Supporting Files";
			sourceTree = "<group>";
		};
/* End PBXGroup section */

/* Begin PBXNativeTarget section */
		5625E3C01B32B4F000A56BC7 /* MemeApp */ = {
			isa = PBXNativeTarget;
			buildConfigurationList = 5625E3E01B32B4F000A56BC7 /* Build configuration list for PBXNativeTarget "MemeApp" */;
			buildPhases = (
				5625E3BD1B32B4F000A56BC7 /* Sources */,
				5625E3BE1B32B4F000A56BC7 /* Frameworks */,
				5625E3BF1B32B4F000A56BC7 /* Resources */,
			);
			buildRules = (
			);
			dependencies = (
			);
			name = MemeApp;
			productName = MemeApp;
			productReference = 5625E3C11B32B4F000A56BC7 /* MemeApp.app */;
			productType = "com.apple.product-type.application";
		};
		5625E3D51B32B4F000A56BC7 /* MemeAppTests */ = {
			isa = PBXNativeTarget;
			buildConfigurationList = 5625E3E31B32B4F000A56BC7 /* Build configuration list for PBXNativeTarget "MemeAppTests" */;
			buildPhases = (
				5625E3D21B32B4F000A56BC7 /* Sources */,
				5625E3D31B32B4F000A56BC7 /* Frameworks */,
				5625E3D41B32B4F000A56BC7 /* Resources */,
			);
			buildRules = (
			);
			dependencies = (
				5625E3D81B32B4F000A56BC7 /* PBXTargetDependency */,
			);
			name = MemeAppTests;
			productName = MemeAppTests;
			productReference = 5625E3D61B32B4F000A56BC7 /* MemeAppTests.xctest */;
			productType = "com.apple.product-type.bundle.unit-test";
		};
/* End PBXNativeTarget section */

/* Begin PBXProject section */
		5625E3B91B32B4F000A56BC7 /* Project object */ = {
			isa = PBXProject;
			attributes = {
				LastUpgradeCheck = 0630;
				ORGANIZATIONNAME = "SUN Ka Meng Isaac";
				TargetAttributes = {
					5625E3C01B32B4F000A56BC7 = {
						CreatedOnToolsVersion = 6.3.2;
					};
					5625E3D51B32B4F000A56BC7 = {
						CreatedOnToolsVersion = 6.3.2;
						TestTargetID = 5625E3C01B32B4F000A56BC7;
					};
				};
			};
			buildConfigurationList = 5625E3BC1B32B4F000A56BC7 /* Build configuration list for PBXProject "MemeApp" */;
			compatibilityVersion = "Xcode 3.2";
			developmentRegion = English;
			hasScannedForEncodings = 0;
			knownRegions = (
				en,
				Base,
			);
			mainGroup = 5625E3B81B32B4F000A56BC7;
			productRefGroup = 5625E3C21B32B4F000A56BC7 /* Products */;
			projectDirPath = "";
			projectRoot = "";
			targets = (
				5625E3C01B32B4F000A56BC7 /* MemeApp */,
				5625E3D51B32B4F000A56BC7 /* MemeAppTests */,
			);
		};
/* End PBXProject section */

/* Begin PBXResourcesBuildPhase section */
		5625E3BF1B32B4F000A56BC7 /* Resources */ = {
			isa = PBXResourcesBuildPhase;
			buildActionMask = 2147483647;
			files = (
				5625E3CC1B32B4F000A56BC7 /* Main.storyboard in Resources */,
				5625E3D11B32B4F000A56BC7 /* LaunchScreen.xib in Resources */,
				5625E3CE1B32B4F000A56BC7 /* Images.xcassets in Resources */,
			);
			runOnlyForDeploymentPostprocessing = 0;
		};
		5625E3D41B32B4F000A56BC7 /* Resources */ = {
			isa = PBXResourcesBuildPhase;
			buildActionMask = 2147483647;
			files = (
			);
			runOnlyForDeploymentPostprocessing = 0;
		};
/* End PBXResourcesBuildPhase section */

/* Begin PBXSourcesBuildPhase section */
		5625E3BD1B32B4F000A56BC7 /* Sources */ = {
			isa = PBXSourcesBuildPhase;
			buildActionMask = 2147483647;
			files = (
				56792C3D1B3990C400B19C3A /* CustomMemeCell.swift in Sources */,
				564B8E361B467AC9002BB025 /* SentMemesTableViewController.swift in Sources */,
				566657591B350B430044D5DD /* Meme.swift in Sources */,
				5625E3C91B32B4F000A56BC7 /* MemesEditorViewController.swift in Sources */,
				5693FEF11B3A416400F3134C /* MemesDetailViewController.swift in Sources */,
				56EDAF631B37ED6600A7FFD2 /* SentMemesCollectionViewController.swift in Sources */,
				5625E3C71B32B4F000A56BC7 /* AppDelegate.swift in Sources */,
			);
			runOnlyForDeploymentPostprocessing = 0;
		};
		5625E3D21B32B4F000A56BC7 /* Sources */ = {
			isa = PBXSourcesBuildPhase;
			buildActionMask = 2147483647;
			files = (
				5625E3DD1B32B4F000A56BC7 /* MemeAppTests.swift in Sources */,
			);
			runOnlyForDeploymentPostprocessing = 0;
		};
/* End PBXSourcesBuildPhase section */

/* Begin PBXTargetDependency section */
		5625E3D81B32B4F000A56BC7 /* PBXTargetDependency */ = {
			isa = PBXTargetDependency;
			target = 5625E3C01B32B4F000A56BC7 /* MemeApp */;
			targetProxy = 5625E3D71B32B4F000A56BC7 /* PBXContainerItemProxy */;
		};
/* End PBXTargetDependency section */

/* Begin PBXVariantGroup section */
		5625E3CA1B32B4F000A56BC7 /* Main.storyboard */ = {
			isa = PBXVariantGroup;
			children = (
				5625E3CB1B32B4F000A56BC7 /* Base */,
			);
			name = Main.storyboard;
			sourceTree = "<group>";
		};
		5625E3CF1B32B4F000A56BC7 /* LaunchScreen.xib */ = {
			isa = PBXVariantGroup;
			children = (
				5625E3D01B32B4F000A56BC7 /* Base */,
			);
			name = LaunchScreen.xib;
			sourceTree = "<group>";
		};
/* End PBXVariantGroup section */

/* Begin XCBuildConfiguration section */
		5625E3DE1B32B4F000A56BC7 /* Debug */ = {
			isa = XCBuildConfiguration;
			buildSettings = {
				ALWAYS_SEARCH_USER_PATHS = NO;
				CLANG_CXX_LANGUAGE_STANDARD = "gnu++0x";
				CLANG_CXX_LIBRARY = "libc++";
				CLANG_ENABLE_MODULES = YES;
				CLANG_ENABLE_OBJC_ARC = YES;
				CLANG_WARN_BOOL_CONVERSION = YES;
				CLANG_WARN_CONSTANT_CONVERSION = YES;
				CLANG_WARN_DIRECT_OBJC_ISA_USAGE = YES_ERROR;
				CLANG_WARN_EMPTY_BODY = YES;
				CLANG_WARN_ENUM_CONVERSION = YES;
				CLANG_WARN_INT_CONVERSION = YES;
				CLANG_WARN_OBJC_ROOT_CLASS = YES_ERROR;
				CLANG_WARN_UNREACHABLE_CODE = YES;
				CLANG_WARN__DUPLICATE_METHOD_MATCH = YES;
				"CODE_SIGN_IDENTITY[sdk=iphoneos*]" = "iPhone Developer";
				COPY_PHASE_STRIP = NO;
				DEBUG_INFORMATION_FORMAT = "dwarf-with-dsym";
				ENABLE_STRICT_OBJC_MSGSEND = YES;
				GCC_C_LANGUAGE_STANDARD = gnu99;
				GCC_DYNAMIC_NO_PIC = NO;
				GCC_NO_COMMON_BLOCKS = YES;
				GCC_OPTIMIZATION_LEVEL = 0;
				GCC_PREPROCESSOR_DEFINITIONS = (
					"DEBUG=1",
					"$(inherited)",
				);
				GCC_SYMBOLS_PRIVATE_EXTERN = NO;
				GCC_WARN_64_TO_32_BIT_CONVERSION = YES;
				GCC_WARN_ABOUT_RETURN_TYPE = YES_ERROR;
				GCC_WARN_UNDECLARED_SELECTOR = YES;
				GCC_WARN_UNINITIALIZED_AUTOS = YES_AGGRESSIVE;
				GCC_WARN_UNUSED_FUNCTION = YES;
				GCC_WARN_UNUSED_VARIABLE = YES;
				IPHONEOS_DEPLOYMENT_TARGET = 8.3;
				MTL_ENABLE_DEBUG_INFO = YES;
				ONLY_ACTIVE_ARCH = YES;
				SDKROOT = iphoneos;
				SWIFT_OPTIMIZATION_LEVEL = "-Onone";
			};
			name = Debug;
		};
		5625E3DF1B32B4F000A56BC7 /* Release */ = {
			isa = XCBuildConfiguration;
			buildSettings = {
				ALWAYS_SEARCH_USER_PATHS = NO;
				CLANG_CXX_LANGUAGE_STANDARD = "gnu++0x";
				CLANG_CXX_LIBRARY = "libc++";
				CLANG_ENABLE_MODULES = YES;
				CLANG_ENABLE_OBJC_ARC = YES;
				CLANG_WARN_BOOL_CONVERSION = YES;
				CLANG_WARN_CONSTANT_CONVERSION = YES;
				CLANG_WARN_DIRECT_OBJC_ISA_USAGE = YES_ERROR;
				CLANG_WARN_EMPTY_BODY = YES;
				CLANG_WARN_ENUM_CONVERSION = YES;
				CLANG_WARN_INT_CONVERSION = YES;
				CLANG_WARN_OBJC_ROOT_CLASS = YES_ERROR;
				CLANG_WARN_UNREACHABLE_CODE = YES;
				CLANG_WARN__DUPLICATE_METHOD_MATCH = YES;
				"CODE_SIGN_IDENTITY[sdk=iphoneos*]" = "iPhone Developer";
				COPY_PHASE_STRIP = NO;
				DEBUG_INFORMATION_FORMAT = "dwarf-with-dsym";
				ENABLE_NS_ASSERTIONS = NO;
				ENABLE_STRICT_OBJC_MSGSEND = YES;
				GCC_C_LANGUAGE_STANDARD = gnu99;
				GCC_NO_COMMON_BLOCKS = YES;
				GCC_WARN_64_TO_32_BIT_CONVERSION = YES;
				GCC_WARN_ABOUT_RETURN_TYPE = YES_ERROR;
				GCC_WARN_UNDECLARED_SELECTOR = YES;
				GCC_WARN_UNINITIALIZED_AUTOS = YES_AGGRESSIVE;
				GCC_WARN_UNUSED_FUNCTION = YES;
				GCC_WARN_UNUSED_VARIABLE = YES;
				IPHONEOS_DEPLOYMENT_TARGET = 8.3;
				MTL_ENABLE_DEBUG_INFO = NO;
				SDKROOT = iphoneos;
				VALIDATE_PRODUCT = YES;
			};
			name = Release;
		};
		5625E3E11B32B4F000A56BC7 /* Debug */ = {
			isa = XCBuildConfiguration;
			buildSettings = {
				ASSETCATALOG_COMPILER_APPICON_NAME = AppIcon;
				INFOPLIST_FILE = MemeApp/Info.plist;
				LD_RUNPATH_SEARCH_PATHS = "$(inherited) @executable_path/Frameworks";
				PRODUCT_NAME = "$(TARGET_NAME)";
			};
			name = Debug;
		};
		5625E3E21B32B4F000A56BC7 /* Release */ = {
			isa = XCBuildConfiguration;
			buildSettings = {
				ASSETCATALOG_COMPILER_APPICON_NAME = AppIcon;
				INFOPLIST_FILE = MemeApp/Info.plist;
				LD_RUNPATH_SEARCH_PATHS = "$(inherited) @executable_path/Frameworks";
				PRODUCT_NAME = "$(TARGET_NAME)";
			};
			name = Release;
		};
		5625E3E41B32B4F000A56BC7 /* Debug */ = {
			isa = XCBuildConfiguration;
			buildSettings = {
				BUNDLE_LOADER = "$(TEST_HOST)";
				FRAMEWORK_SEARCH_PATHS = (
					"$(SDKROOT)/Developer/Library/Frameworks",
					"$(inherited)",
				);
				GCC_PREPROCESSOR_DEFINITIONS = (
					"DEBUG=1",
					"$(inherited)",
				);
				INFOPLIST_FILE = MemeAppTests/Info.plist;
				LD_RUNPATH_SEARCH_PATHS = "$(inherited) @executable_path/Frameworks @loader_path/Frameworks";
				PRODUCT_NAME = "$(TARGET_NAME)";
				TEST_HOST = "$(BUILT_PRODUCTS_DIR)/MemeApp.app/MemeApp";
			};
			name = Debug;
		};
		5625E3E51B32B4F000A56BC7 /* Release */ = {
			isa = XCBuildConfiguration;
			buildSettings = {
				BUNDLE_LOADER = "$(TEST_HOST)";
				FRAMEWORK_SEARCH_PATHS = (
					"$(SDKROOT)/Developer/Library/Frameworks",
					"$(inherited)",
				);
				INFOPLIST_FILE = MemeAppTests/Info.plist;
				LD_RUNPATH_SEARCH_PATHS = "$(inherited) @executable_path/Frameworks @loader_path/Frameworks";
				PRODUCT_NAME = "$(TARGET_NAME)";
				TEST_HOST = "$(BUILT_PRODUCTS_DIR)/MemeApp.app/MemeApp";
			};
			name = Release;
		};
/* End XCBuildConfiguration section */

/* Begin XCConfigurationList section */
		5625E3BC1B32B4F000A56BC7 /* Build configuration list for PBXProject "MemeApp" */ = {
			isa = XCConfigurationList;
			buildConfigurations = (
				5625E3DE1B32B4F000A56BC7 /* Debug */,
				5625E3DF1B32B4F000A56BC7 /* Release */,
			);
			defaultConfigurationIsVisible = 0;
			defaultConfigurationName = Release;
		};
		5625E3E01B32B4F000A56BC7 /* Build configuration list for PBXNativeTarget "MemeApp" */ = {
			isa = XCConfigurationList;
			buildConfigurations = (
				5625E3E11B32B4F000A56BC7 /* Debug */,
				5625E3E21B32B4F000A56BC7 /* Release */,
			);
			defaultConfigurationIsVisible = 0;
			defaultConfigurationName = Release;
		};
		5625E3E31B32B4F000A56BC7 /* Build configuration list for PBXNativeTarget "MemeAppTests" */ = {
			isa = XCConfigurationList;
			buildConfigurations = (
				5625E3E41B32B4F000A56BC7 /* Debug */,
				5625E3E51B32B4F000A56BC7 /* Release */,
			);
			defaultConfigurationIsVisible = 0;
			defaultConfigurationName = Release;
		};
/* End XCConfigurationList section */
	};
	rootObject = 5625E3B91B32B4F000A56BC7 /* Project object */;
}
